# THIS IS AN AUTOGENERATED FILE. DO NOT EDIT THIS FILE DIRECTLY.
# yarn lockfile v1


"@deno/shim-deno-test@^0.4.0":
  version "0.4.0"
  resolved "https://registry.yarnpkg.com/@deno/shim-deno-test/-/shim-deno-test-0.4.0.tgz#2ff56821854c51323c0cd08a4a56d668f84367ba"
  integrity sha512-oYWcD7CpERZy/TXMTM9Tgh1HD/POHlbY9WpzmAk+5H8DohcxG415Qws8yLGlim3EaKBT2v3lJv01x4G0BosnaQ==

"@deno/shim-deno@~0.16.1":
  version "0.16.1"
  resolved "https://registry.yarnpkg.com/@deno/shim-deno/-/shim-deno-0.16.1.tgz#f7d3925745c74337c83818de7d6435557c816c60"
  integrity sha512-s9v0kzF5bm/o9TgdwvsraHx6QNllYrXXmKzgOG2lh4LFXnVMr2gpjK/c/ve6EflQn1MqImcWmVD8HAv5ahuuZQ==
  dependencies:
    "@deno/shim-deno-test" "^0.4.0"
    which "^2.0.2"

"@icholy/duration@^5.1.0":
  version "5.1.0"
  resolved "https://registry.yarnpkg.com/@icholy/duration/-/duration-5.1.0.tgz#da193379e3a1b3107984c8bf22b4aa4ee7af1ef8"
  integrity sha512-I/zdjC6qYdwWJ2H1/PZbI3g58pPIiI/eOe5XDTtQ/v36d0ogcvAylqwOIWj/teY1rBnIMzUyWfX7PMm9I67WWg==

bufferutil@^4.0.8:
  version "4.0.8"
  resolved "https://registry.yarnpkg.com/bufferutil/-/bufferutil-4.0.8.tgz#1de6a71092d65d7766c4d8a522b261a6e787e8ea"
  integrity sha512-4T53u4PdgsXqKaIctwF8ifXlRTTmEPJ8iEPWFdGZvcf7sbwYo6FKFEX9eNNAnzFZ7EzJAQ3CJeOtCRA4rDp7Pw==
  dependencies:
    node-gyp-build "^4.3.0"

cbor-redux@1.0.0:
  version "1.0.0"
  resolved "https://registry.yarnpkg.com/cbor-redux/-/cbor-redux-1.0.0.tgz#82437cf23bab5920bbb19a708a1c46a505da790c"
  integrity sha512-nqCD/Yu2FON0XgZYdUNsMx1Tc08MOY3noh9bO2MvkjlyLZyqIVWjuz6A0mDrPJncdOfacokFUtF7zlzzP5oK5A==
  dependencies:
    "@deno/shim-deno" "~0.16.1"

decimal.js@^10.4.3:
  version "10.4.3"
  resolved "https://registry.yarnpkg.com/decimal.js/-/decimal.js-10.4.3.tgz#1044092884d245d1b7f65725fa4ad4c6f781cc23"
  integrity sha512-VBBaLc1MgL5XpzgIP7ny5Z6Nx3UrRkIViUkPUdtl9aya5amy3De1gsUUSB1g3+3sExYNjCAsAznmukyxCb1GRA==

isexe@^2.0.0:
  version "2.0.0"
  resolved "https://registry.yarnpkg.com/isexe/-/isexe-2.0.0.tgz#e8fbf374dc556ff8947a10dcb0572d633f2cfa10"
  integrity sha512-RHxMLp9lnKHGHRng9QFhRCMbYAcVpn69smSGcq3f36xjgVVWThj4qqLbTLlq7Ssj8B+fIQ1EuCEGI2lKsyQeIw==

isows@^1.0.4:
  version "1.0.4"
  resolved "https://registry.yarnpkg.com/isows/-/isows-1.0.4.tgz#810cd0d90cc4995c26395d2aa4cfa4037ebdf061"
  integrity sha512-hEzjY+x9u9hPmBom9IIAqdJCwNLax+xrPb51vEPpERoFlIxgmZcHzsT5jKG06nvInKOBGvReAVz80Umed5CczQ==

node-gyp-build@^4.3.0:
  version "4.8.1"
  resolved "https://registry.yarnpkg.com/node-gyp-build/-/node-gyp-build-4.8.1.tgz#976d3ad905e71b76086f4f0b0d3637fe79b6cda5"
  integrity sha512-OSs33Z9yWr148JZcbZd5WiAXhh/n9z8TxQcdMhIOlpN9AhWpLfvVFO73+m77bBABQMaY9XSvIa+qk0jlI7Gcaw==

semver@^7.5.4:
  version "7.6.2"
  resolved "https://registry.yarnpkg.com/semver/-/semver-7.6.2.tgz#1e3b34759f896e8f14d6134732ce798aeb0c6e13"
  integrity sha512-FNAIBWCx9qcRhoHcgcJ0gvU7SN1lYU2ZXuSfl04bSC5OpvDHFyJCjdNHomPXxjQlCBU67YW64PzY7/VIEH7F2w==

surrealdb.js@^1.0.0-beta.8:
  version "1.0.0-beta.8"
  resolved "https://registry.yarnpkg.com/surrealdb.js/-/surrealdb.js-1.0.0-beta.8.tgz#ce18edf6184c3e6de297ea39ad5b1677e4f4289a"
  integrity sha512-waIeNBbTrS+dmW1WO50CCjcWkHw6L99MJDM1LrS1nxg6paYui7Kd0IM+emIjFmyjQc51rASZDTmj4mwyQTtfGA==
  dependencies:
    "@icholy/duration" "^5.1.0"
    cbor-redux "1.0.0"
    decimal.js "^10.4.3"
    isows "^1.0.4"
    semver "^7.5.4"
    uuidv7 "0.6.3"
    ws "^8.16.0"
    zod "*"
  optionalDependencies:
    bufferutil "^4.0.8"
    utf-8-validate "^6.0.3"

utf-8-validate@^6.0.3:
  version "6.0.4"
  resolved "https://registry.yarnpkg.com/utf-8-validate/-/utf-8-validate-6.0.4.tgz#1305a1bfd94cecb5a866e6fc74fd07f3ed7292e5"
  integrity sha512-xu9GQDeFp+eZ6LnCywXN/zBancWvOpUMzgjLPSjy4BRHSmTelvn2E0DG0o1sTiw5hkCKBHo8rwSKncfRfv2EEQ==
  dependencies:
    node-gyp-build "^4.3.0"

uuidv7@0.6.3:
  version "0.6.3"
  resolved "https://registry.yarnpkg.com/uuidv7/-/uuidv7-0.6.3.tgz#2abcfa683b4ad4a0cbbbaedffc3ef940c110cf10"
  integrity sha512-zV3eW2NlXTsun/aJ7AixxZjH/byQcH/r3J99MI0dDEkU2cJIBJxhEWUHDTpOaLPRNhebPZoeHuykYREkI9HafA==

which@^2.0.2:
  version "2.0.2"
  resolved "https://registry.yarnpkg.com/which/-/which-2.0.2.tgz#7c6a8dd0a636a0327e10b59c9286eee93f3f51b1"
  integrity sha512-BLI3Tl1TW3Pvl70l3yq3Y64i+awpwXqsGBYWkkqMtnbXgrMD+yj7rhW0kuEDxzJaYXGjEW5ogapKNMEKNMjibA==
  dependencies:
    isexe "^2.0.0"

ws@^8.16.0:
  version "8.17.0"
  resolved "https://registry.yarnpkg.com/ws/-/ws-8.17.0.tgz#d145d18eca2ed25aaf791a183903f7be5e295fea"
  integrity sha512-uJq6108EgZMAl20KagGkzCKfMEjxmKvZHG7Tlq0Z6nOky7YF7aq4mOx6xK8TJ/i1LeK4Qus7INktacctDgY8Ow==

zod@*:
  version "3.23.8"
  resolved "https://registry.yarnpkg.com/zod/-/zod-3.23.8.tgz#e37b957b5d52079769fb8097099b592f0ef4067d"
  integrity sha512-XBx9AXhXktjUqnepgTiE5flcKIYWi/rme0Eaj+5Y0lftuGBq+jyRu/md4WnuxqgP1ubdpNCsYEYPxrzVHD8d6g==
